
Microsoft Visual Studio Solution File, Format Version 12.00
# Visual Studio Version 17
VisualStudioVersion = 17.2.32519.379
MinimumVisualStudioVersion = 10.0.40219.1
Project("{FAE04EC0-301F-11D3-BF4B-00C04F79EFBC}") = "Indexers", "Indexers\Indexers.csproj", "{EECA141B-66D8-44B7-8735-901F82227EF6}"
EndProject
Global
	GlobalSection(SolutionConfigurationPlatforms) = preSolution
		Debug|Any CPU = Debug|Any CPU
		Release|Any CPU = Release|Any CPU
	EndGlobalSection
	GlobalSection(ProjectConfigurationPlatforms) = postSolution
		{EECA141B-66D8-44B7-8735-901F82227EF6}.Debug|Any CPU.ActiveCfg = Debug|Any CPU
		{EECA141B-66D8-44B7-8735-901F82227EF6}.Debug|Any CPU.Build.0 = Debug|Any CPU
		{EECA141B-66D8-44B7-8735-901F82227EF6}.Release|Any CPU.ActiveCfg = Release|Any CPU
		{EECA141B-66D8-44B7-8735-901F82227EF6}.Release|Any CPU.Build.0 = Release|Any CPU
	EndGlobalSection
	GlobalSection(SolutionProperties) = preSolution
		HideSolutionNode = FALSE
	EndGlobalSection
	GlobalSection(ExtensibilityGlobals) = postSolution
		SolutionGuid = {D490F55A-B067-44DB-A30B-90A4E6E32290}
	EndGlobalSection
EndGlobal
